
Microsoft Visual Studio Solution File, Format Version 12.00
Project("{FAE04EC0-301F-11D3-BF4B-00C04F79EFBC}") = "Day 01", "Day 01\Day 01.csproj", "{19394C0C-F8E6-42B0-B6CE-A568968187DE}"
EndProject
Project("{FAE04EC0-301F-11D3-BF4B-00C04F79EFBC}") = "Day 02", "Day 02\Day 02.csproj", "{7165B362-6900-4FA0-88BD-FE332D49BEA7}"
EndProject
Project("{FAE04EC0-301F-11D3-BF4B-00C04F79EFBC}") = "Day 03", "Day 03\Day 03.csproj", "{A21B67F8-34C0-4884-882C-8BD79AE2BA85}"
EndProject
Project("{FAE04EC0-301F-11D3-BF4B-00C04F79EFBC}") = "Day 04", "Day 04\Day 04.csproj", "{F6C8E16C-C3D2-44FA-8B26-4990DDB8A760}"
EndProject
Project("{FAE04EC0-301F-11D3-BF4B-00C04F79EFBC}") = "Day 05", "Day 05\Day 05.csproj", "{07B40FA7-9442-48C4-B389-BD7C5158391C}"
EndProject
Project("{FAE04EC0-301F-11D3-BF4B-00C04F79EFBC}") = "Day 06", "Day 06\Day 06.csproj", "{6D7540E0-E6D6-4279-9417-BC18597D8E91}"
EndProject
Project("{FAE04EC0-301F-11D3-BF4B-00C04F79EFBC}") = "Day 07", "Day 07\Day 07.csproj", "{C79420FB-7ECB-4341-B74F-9F6DF389753C}"
EndProject
Project("{FAE04EC0-301F-11D3-BF4B-00C04F79EFBC}") = "Day 08", "Day 08\Day 08.csproj", "{34BEC5C2-6562-4F4A-9B18-D37A3E8F0C0E}"
EndProject
Project("{FAE04EC0-301F-11D3-BF4B-00C04F79EFBC}") = "Day 09", "Day 09\Day 09.csproj", "{7CD5189E-01BC-4CF8-9ABD-55EE9A9F71A8}"
EndProject
Project("{FAE04EC0-301F-11D3-BF4B-00C04F79EFBC}") = "Day 10", "Day 10\Day 10.csproj", "{EBBF5970-3D0D-4962-B032-35CDA791BF30}"
EndProject
Global
	GlobalSection(SolutionConfigurationPlatforms) = preSolution
		Debug|Any CPU = Debug|Any CPU
		Release|Any CPU = Release|Any CPU
	EndGlobalSection
	GlobalSection(ProjectConfigurationPlatforms) = postSolution
		{19394C0C-F8E6-42B0-B6CE-A568968187DE}.Debug|Any CPU.ActiveCfg = Debug|Any CPU
		{19394C0C-F8E6-42B0-B6CE-A568968187DE}.Debug|Any CPU.Build.0 = Debug|Any CPU
		{19394C0C-F8E6-42B0-B6CE-A568968187DE}.Release|Any CPU.ActiveCfg = Release|Any CPU
		{19394C0C-F8E6-42B0-B6CE-A568968187DE}.Release|Any CPU.Build.0 = Release|Any CPU
		{7165B362-6900-4FA0-88BD-FE332D49BEA7}.Debug|Any CPU.ActiveCfg = Debug|Any CPU
		{7165B362-6900-4FA0-88BD-FE332D49BEA7}.Debug|Any CPU.Build.0 = Debug|Any CPU
		{7165B362-6900-4FA0-88BD-FE332D49BEA7}.Release|Any CPU.ActiveCfg = Release|Any CPU
		{7165B362-6900-4FA0-88BD-FE332D49BEA7}.Release|Any CPU.Build.0 = Release|Any CPU
		{A21B67F8-34C0-4884-882C-8BD79AE2BA85}.Debug|Any CPU.ActiveCfg = Debug|Any CPU
		{A21B67F8-34C0-4884-882C-8BD79AE2BA85}.Debug|Any CPU.Build.0 = Debug|Any CPU
		{A21B67F8-34C0-4884-882C-8BD79AE2BA85}.Release|Any CPU.ActiveCfg = Release|Any CPU
		{A21B67F8-34C0-4884-882C-8BD79AE2BA85}.Release|Any CPU.Build.0 = Release|Any CPU
		{F6C8E16C-C3D2-44FA-8B26-4990DDB8A760}.Debug|Any CPU.ActiveCfg = Debug|Any CPU
		{F6C8E16C-C3D2-44FA-8B26-4990DDB8A760}.Debug|Any CPU.Build.0 = Debug|Any CPU
		{F6C8E16C-C3D2-44FA-8B26-4990DDB8A760}.Release|Any CPU.ActiveCfg = Release|Any CPU
		{F6C8E16C-C3D2-44FA-8B26-4990DDB8A760}.Release|Any CPU.Build.0 = Release|Any CPU
		{07B40FA7-9442-48C4-B389-BD7C5158391C}.Debug|Any CPU.ActiveCfg = Debug|Any CPU
		{07B40FA7-9442-48C4-B389-BD7C5158391C}.Debug|Any CPU.Build.0 = Debug|Any CPU
		{07B40FA7-9442-48C4-B389-BD7C5158391C}.Release|Any CPU.ActiveCfg = Release|Any CPU
		{07B40FA7-9442-48C4-B389-BD7C5158391C}.Release|Any CPU.Build.0 = Release|Any CPU
		{6D7540E0-E6D6-4279-9417-BC18597D8E91}.Debug|Any CPU.ActiveCfg = Debug|Any CPU
		{6D7540E0-E6D6-4279-9417-BC18597D8E91}.Debug|Any CPU.Build.0 = Debug|Any CPU
		{6D7540E0-E6D6-4279-9417-BC18597D8E91}.Release|Any CPU.ActiveCfg = Release|Any CPU
		{6D7540E0-E6D6-4279-9417-BC18597D8E91}.Release|Any CPU.Build.0 = Release|Any CPU
		{C79420FB-7ECB-4341-B74F-9F6DF389753C}.Debug|Any CPU.ActiveCfg = Debug|Any CPU
		{C79420FB-7ECB-4341-B74F-9F6DF389753C}.Debug|Any CPU.Build.0 = Debug|Any CPU
		{C79420FB-7ECB-4341-B74F-9F6DF389753C}.Release|Any CPU.ActiveCfg = Release|Any CPU
		{C79420FB-7ECB-4341-B74F-9F6DF389753C}.Release|Any CPU.Build.0 = Release|Any CPU
		{34BEC5C2-6562-4F4A-9B18-D37A3E8F0C0E}.Debug|Any CPU.ActiveCfg = Debug|Any CPU
		{34BEC5C2-6562-4F4A-9B18-D37A3E8F0C0E}.Debug|Any CPU.Build.0 = Debug|Any CPU
		{34BEC5C2-6562-4F4A-9B18-D37A3E8F0C0E}.Release|Any CPU.ActiveCfg = Release|Any CPU
		{34BEC5C2-6562-4F4A-9B18-D37A3E8F0C0E}.Release|Any CPU.Build.0 = Release|Any CPU
		{7CD5189E-01BC-4CF8-9ABD-55EE9A9F71A8}.Debug|Any CPU.ActiveCfg = Debug|Any CPU
		{7CD5189E-01BC-4CF8-9ABD-55EE9A9F71A8}.Debug|Any CPU.Build.0 = Debug|Any CPU
		{7CD5189E-01BC-4CF8-9ABD-55EE9A9F71A8}.Release|Any CPU.ActiveCfg = Release|Any CPU
		{7CD5189E-01BC-4CF8-9ABD-55EE9A9F71A8}.Release|Any CPU.Build.0 = Release|Any CPU
		{EBBF5970-3D0D-4962-B032-35CDA791BF30}.Debug|Any CPU.ActiveCfg = Debug|Any CPU
		{EBBF5970-3D0D-4962-B032-35CDA791BF30}.Debug|Any CPU.Build.0 = Debug|Any CPU
		{EBBF5970-3D0D-4962-B032-35CDA791BF30}.Release|Any CPU.ActiveCfg = Release|Any CPU
		{EBBF5970-3D0D-4962-B032-35CDA791BF30}.Release|Any CPU.Build.0 = Release|Any CPU
	EndGlobalSection
EndGlobal
