
Microsoft Visual Studio Solution File, Format Version 12.00
Project("{FAE04EC0-301F-11D3-BF4B-00C04F79EFBC}") = "Day 01", "Day 01\Day 01.csproj", "{19394C0C-F8E6-42B0-B6CE-A568968187DE}"
EndProject
Project("{FAE04EC0-301F-11D3-BF4B-00C04F79EFBC}") = "Day 02", "Day 02\Day 02.csproj", "{7165B362-6900-4FA0-88BD-FE332D49BEA7}"
EndProject
Project("{FAE04EC0-301F-11D3-BF4B-00C04F79EFBC}") = "Day 03", "Day 03\Day 03.csproj", "{A21B67F8-34C0-4884-882C-8BD79AE2BA85}"
EndProject
Project("{FAE04EC0-301F-11D3-BF4B-00C04F79EFBC}") = "Day 04", "Day 04\Day 04.csproj", "{F6C8E16C-C3D2-44FA-8B26-4990DDB8A760}"
EndProject
Global
	GlobalSection(SolutionConfigurationPlatforms) = preSolution
		Debug|Any CPU = Debug|Any CPU
		Release|Any CPU = Release|Any CPU
	EndGlobalSection
	GlobalSection(ProjectConfigurationPlatforms) = postSolution
		{19394C0C-F8E6-42B0-B6CE-A568968187DE}.Debug|Any CPU.ActiveCfg = Debug|Any CPU
		{19394C0C-F8E6-42B0-B6CE-A568968187DE}.Debug|Any CPU.Build.0 = Debug|Any CPU
		{19394C0C-F8E6-42B0-B6CE-A568968187DE}.Release|Any CPU.ActiveCfg = Release|Any CPU
		{19394C0C-F8E6-42B0-B6CE-A568968187DE}.Release|Any CPU.Build.0 = Release|Any CPU
		{7165B362-6900-4FA0-88BD-FE332D49BEA7}.Debug|Any CPU.ActiveCfg = Debug|Any CPU
		{7165B362-6900-4FA0-88BD-FE332D49BEA7}.Debug|Any CPU.Build.0 = Debug|Any CPU
		{7165B362-6900-4FA0-88BD-FE332D49BEA7}.Release|Any CPU.ActiveCfg = Release|Any CPU
		{7165B362-6900-4FA0-88BD-FE332D49BEA7}.Release|Any CPU.Build.0 = Release|Any CPU
		{A21B67F8-34C0-4884-882C-8BD79AE2BA85}.Debug|Any CPU.ActiveCfg = Debug|Any CPU
		{A21B67F8-34C0-4884-882C-8BD79AE2BA85}.Debug|Any CPU.Build.0 = Debug|Any CPU
		{A21B67F8-34C0-4884-882C-8BD79AE2BA85}.Release|Any CPU.ActiveCfg = Release|Any CPU
		{A21B67F8-34C0-4884-882C-8BD79AE2BA85}.Release|Any CPU.Build.0 = Release|Any CPU
		{F6C8E16C-C3D2-44FA-8B26-4990DDB8A760}.Debug|Any CPU.ActiveCfg = Debug|Any CPU
		{F6C8E16C-C3D2-44FA-8B26-4990DDB8A760}.Debug|Any CPU.Build.0 = Debug|Any CPU
		{F6C8E16C-C3D2-44FA-8B26-4990DDB8A760}.Release|Any CPU.ActiveCfg = Release|Any CPU
		{F6C8E16C-C3D2-44FA-8B26-4990DDB8A760}.Release|Any CPU.Build.0 = Release|Any CPU
	EndGlobalSection
EndGlobal
